
Microsoft Visual Studio Solution File, Format Version 12.00
# Visual Studio Version 17
VisualStudioVersion = 17.4.33213.308
MinimumVisualStudioVersion = 10.0.40219.1
Project("{FAE04EC0-301F-11D3-BF4B-00C04F79EFBC}") = "ATM", "ATM\ATM.csproj", "{96E76F1A-83C6-4109-B30C-C049AC53687B}"
EndProject
Global
	GlobalSection(SolutionConfigurationPlatforms) = preSolution
		Debug|Any CPU = Debug|Any CPU
		Release|Any CPU = Release|Any CPU
	EndGlobalSection
	GlobalSection(ProjectConfigurationPlatforms) = postSolution
		{96E76F1A-83C6-4109-B30C-C049AC53687B}.Debug|Any CPU.ActiveCfg = Debug|Any CPU
		{96E76F1A-83C6-4109-B30C-C049AC53687B}.Debug|Any CPU.Build.0 = Debug|Any CPU
		{96E76F1A-83C6-4109-B30C-C049AC53687B}.Release|Any CPU.ActiveCfg = Release|Any CPU
		{96E76F1A-83C6-4109-B30C-C049AC53687B}.Release|Any CPU.Build.0 = Release|Any CPU
	EndGlobalSection
	GlobalSection(SolutionProperties) = preSolution
		HideSolutionNode = FALSE
	EndGlobalSection
	GlobalSection(ExtensibilityGlobals) = postSolution
		SolutionGuid = {59B85487-D626-481A-8B93-E2CAA9044EDA}
	EndGlobalSection
EndGlobal
